<?xml version="1.0" encoding="UTF-8" standalone="yes" ?>
<CodeBlocks_project_file>
	<FileVersion major="1" minor="6" />
	<Project>
		<Option title="carparkings" />
		<Option pch_mode="2" />
		<Option compiler="gcc" />
		<Build>
			<Target title="Debug">
				<Option output="bin/Debug/carparkings" prefix_auto="1" extension_auto="1" />
				<Option object_output="obj/Debug/" />
				<Option type="1" />
				<Option compiler="gcc" />
				<Compiler>
					<Add option="-g" />
					<Add directory="C:/Program Files (x86)/CodeBlocks/MinGW/include" />
					<Add directory="include" />
				</Compiler>
				<Linker>
					<Add library="C:/Program Files (x86)/CodeBlocks/MinGW/mingw32/lib/libmysql.a" />
				</Linker>
			</Target>
			<Target title="Release">
				<Option output="bin/Release/carparkings" prefix_auto="1" extension_auto="1" />
				<Option object_output="obj/Release/" />
				<Option type="1" />
				<Option compiler="gcc" />
				<Compiler>
					<Add option="-O2" />
					<Add directory="include" />
				</Compiler>
				<Linker>
					<Add option="-s" />
				</Linker>
			</Target>
		</Build>
		<Compiler>
			<Add option="-Wall" />
			<Add option="-fexceptions" />
		</Compiler>
		<Unit filename="include/ParkingSlots.h" />
		<Unit filename="include/booking.h" />
		<Unit filename="include/dashboard.h" />
		<Unit filename="include/overview.h" />
		<Unit filename="include/payment.h" />
		<Unit filename="include/users.h" />
		<Unit filename="include/vehicle.h" />
		<Unit filename="main.cpp" />
		<Unit filename="src/ParkingSlots.cpp" />
		<Unit filename="src/booking.cpp" />
		<Unit filename="src/dashboard.cpp" />
		<Unit filename="src/overview.cpp" />
		<Unit filename="src/payment.cpp" />
		<Unit filename="src/users.cpp" />
		<Unit filename="src/vehicle.cpp" />
		<Extensions>
			<code_completion />
			<envvars />
			<debugger />
		</Extensions>
	</Project>
</CodeBlocks_project_file>
